<?xml version="1.0" encoding="utf-8"?>
<Project ToolsVersion="4.0" xmlns="http://schemas.microsoft.com/developer/msbuild/2003">
  <ItemGroup>
    <Filter Include="소스 파일">
      <UniqueIdentifier>{4FC737F1-C7A5-4376-A066-2A32D752A2FF}</UniqueIdentifier>
      <Extensions>cpp;c;cc;cxx;c++;cppm;ixx;def;odl;idl;hpj;bat;asm;asmx</Extensions>
    </Filter>
    <Filter Include="헤더 파일">
      <UniqueIdentifier>{93995380-89BD-4b04-88EB-625FBE52EBFB}</UniqueIdentifier>
      <Extensions>h;hh;hpp;hxx;h++;hm;inl;inc;ipp;xsd</Extensions>
    </Filter>
    <Filter Include="리소스 파일">
      <UniqueIdentifier>{67DA6AB6-F800-4c08-8B7A-83BB121AAD01}</UniqueIdentifier>
      <Extensions>rc;ico;cur;bmp;dlg;rc2;rct;bin;rgs;gif;jpg;jpeg;jpe;resx;tiff;tif;png;wav;mfcribbon-ms</Extensions>
    </Filter>
    <Filter Include="소스 파일\00.Engine">
      <UniqueIdentifier>{169ba434-a161-4a13-ab19-48527a5394fc}</UniqueIdentifier>
    </Filter>
    <Filter Include="소스 파일\01.Object">
      <UniqueIdentifier>{9fb99055-8c0e-4663-96e5-e4b006941697}</UniqueIdentifier>
    </Filter>
    <Filter Include="소스 파일\01.Object\00.Object">
      <UniqueIdentifier>{5fa77235-99a6-443d-8795-5c468544c8a6}</UniqueIdentifier>
    </Filter>
    <Filter Include="소스 파일\01.Object\01.AnimationObject">
      <UniqueIdentifier>{ed7eac67-95eb-4eb8-a84e-53209baa9644}</UniqueIdentifier>
    </Filter>
    <Filter Include="소스 파일\02.Sence">
      <UniqueIdentifier>{7e783ceb-cd4f-4415-a429-931ac29605c6}</UniqueIdentifier>
    </Filter>
    <Filter Include="소스 파일\99.common">
      <UniqueIdentifier>{b8967c9b-b2db-490c-9280-aa0fc119cc43}</UniqueIdentifier>
    </Filter>
    <Filter Include="소스 파일\00.main">
      <UniqueIdentifier>{a1b7c2a5-e20c-4c46-bb60-21c433032c72}</UniqueIdentifier>
    </Filter>
    <Filter Include="소스 파일\01.Object\02.Monsertcharactor">
      <UniqueIdentifier>{3959fe4c-c5c6-4f1e-bafe-026f7a86f591}</UniqueIdentifier>
    </Filter>
    <Filter Include="소스 파일\01.Object\02.Monsertcharactor\00.charactor">
      <UniqueIdentifier>{b0143ac3-0a06-4ca1-b0c4-1062614faa79}</UniqueIdentifier>
    </Filter>
    <Filter Include="소스 파일\01.Object\02.Monsertcharactor\01.RMCharator">
      <UniqueIdentifier>{ac1b1390-2657-454a-9cf1-ee53ffbc1d91}</UniqueIdentifier>
    </Filter>
    <Filter Include="소스 파일\01.Object\02.Monsertcharactor\02.YMCharactor">
      <UniqueIdentifier>{b4488465-d948-4862-90f8-75d0144b3e44}</UniqueIdentifier>
    </Filter>
    <Filter Include="소스 파일\01.Object\02.Monsertcharactor\03.PMCharactor">
      <UniqueIdentifier>{67cb2dd5-895f-40ba-99c7-9e60c4c78acc}</UniqueIdentifier>
    </Filter>
    <Filter Include="소스 파일\01.Object\02.Monsertcharactor\04.BMCharactor">
      <UniqueIdentifier>{61a6cc8e-e953-485a-981d-84bc0fd0adab}</UniqueIdentifier>
    </Filter>
    <Filter Include="소스 파일\01.Object\03.Mecharactor">
      <UniqueIdentifier>{8e44313d-615c-403a-b6fb-2d43597313a0}</UniqueIdentifier>
    </Filter>
    <Filter Include="소스 파일\01.Object\04.score">
      <UniqueIdentifier>{1c8c21b4-5da1-404e-8410-5061e5eec148}</UniqueIdentifier>
    </Filter>
    <Filter Include="소스 파일\03.scene">
      <UniqueIdentifier>{dbdb502b-7b1b-4a03-8a40-6383e8edcacf}</UniqueIdentifier>
    </Filter>
  </ItemGroup>
  <ItemGroup>
    <ClCompile Include="Engine.cpp">
      <Filter>소스 파일\00.Engine</Filter>
    </ClCompile>
    <ClCompile Include="Object.cpp">
      <Filter>소스 파일\01.Object\00.Object</Filter>
    </ClCompile>
    <ClCompile Include="AnimationObject.cpp">
      <Filter>소스 파일\01.Object\01.AnimationObject</Filter>
    </ClCompile>
    <ClCompile Include="scene.cpp">
      <Filter>소스 파일\02.Sence</Filter>
    </ClCompile>
    <ClCompile Include="소스.cpp">
      <Filter>소스 파일\00.main</Filter>
    </ClCompile>
    <ClCompile Include="Charactor.cpp">
      <Filter>소스 파일\01.Object\02.Monsertcharactor\00.charactor</Filter>
    </ClCompile>
    <ClCompile Include="M1Charactor.cpp">
      <Filter>소스 파일\01.Object\02.Monsertcharactor\01.RMCharator</Filter>
    </ClCompile>
    <ClCompile Include="PMCharactor.cpp">
      <Filter>소스 파일\01.Object\02.Monsertcharactor\03.PMCharactor</Filter>
    </ClCompile>
    <ClCompile Include="YMCharactor.cpp">
      <Filter>소스 파일\01.Object\02.Monsertcharactor\02.YMCharactor</Filter>
    </ClCompile>
    <ClCompile Include="BMCharactor.cpp">
      <Filter>소스 파일\01.Object\02.Monsertcharactor\04.BMCharactor</Filter>
    </ClCompile>
    <ClCompile Include="pacman.cpp">
      <Filter>소스 파일\01.Object\03.Mecharactor</Filter>
    </ClCompile>
    <ClCompile Include="score.cpp">
      <Filter>소스 파일\01.Object\04.score</Filter>
    </ClCompile>
    <ClCompile Include="CharactorScene.cpp">
      <Filter>소스 파일\03.scene</Filter>
    </ClCompile>
    <ClCompile Include="scoreScene.cpp">
      <Filter>소스 파일\03.scene</Filter>
    </ClCompile>
  </ItemGroup>
  <ItemGroup>
    <ClInclude Include="Engine.h">
      <Filter>소스 파일\00.Engine</Filter>
    </ClInclude>
    <ClInclude Include="Object.h">
      <Filter>소스 파일\01.Object\00.Object</Filter>
    </ClInclude>
    <ClInclude Include="AnimationObject.h">
      <Filter>소스 파일\01.Object\01.AnimationObject</Filter>
    </ClInclude>
    <ClInclude Include="scene.h">
      <Filter>소스 파일\02.Sence</Filter>
    </ClInclude>
    <ClInclude Include="framework.h">
      <Filter>소스 파일\00.main</Filter>
    </ClInclude>
    <ClInclude Include="Charactor.h">
      <Filter>소스 파일\01.Object\02.Monsertcharactor\00.charactor</Filter>
    </ClInclude>
    <ClInclude Include="M1Charactor.h">
      <Filter>소스 파일\01.Object\02.Monsertcharactor\01.RMCharator</Filter>
    </ClInclude>
    <ClInclude Include="PMCharactor.h">
      <Filter>소스 파일\01.Object\02.Monsertcharactor\03.PMCharactor</Filter>
    </ClInclude>
    <ClInclude Include="YMCharactor.h">
      <Filter>소스 파일\01.Object\02.Monsertcharactor\02.YMCharactor</Filter>
    </ClInclude>
    <ClInclude Include="BMCharactor.h">
      <Filter>소스 파일\01.Object\02.Monsertcharactor\04.BMCharactor</Filter>
    </ClInclude>
    <ClInclude Include="pacman.h">
      <Filter>소스 파일\01.Object\03.Mecharactor</Filter>
    </ClInclude>
    <ClInclude Include="score.h">
      <Filter>소스 파일\01.Object\04.score</Filter>
    </ClInclude>
    <ClInclude Include="CharactorScene.h">
      <Filter>소스 파일\03.scene</Filter>
    </ClInclude>
    <ClInclude Include="scoreScene.h">
      <Filter>소스 파일\03.scene</Filter>
    </ClInclude>
  </ItemGroup>
</Project>